
Microsoft Visual Studio Solution File, Format Version 12.00
# Visual Studio Version 16
VisualStudioVersion = 16.0.30907.101
MinimumVisualStudioVersion = 10.0.40219.1
Project("{FAE04EC0-301F-11D3-BF4B-00C04F79EFBC}") = "TokaPrueba", "TokaPrueba\TokaPrueba.csproj", "{39EB7224-7239-4A60-A111-D7D00F21B5CA}"
EndProject
Global
	GlobalSection(SolutionConfigurationPlatforms) = preSolution
		Debug|Any CPU = Debug|Any CPU
		Release|Any CPU = Release|Any CPU
	EndGlobalSection
	GlobalSection(ProjectConfigurationPlatforms) = postSolution
		{39EB7224-7239-4A60-A111-D7D00F21B5CA}.Debug|Any CPU.ActiveCfg = Debug|Any CPU
		{39EB7224-7239-4A60-A111-D7D00F21B5CA}.Debug|Any CPU.Build.0 = Debug|Any CPU
		{39EB7224-7239-4A60-A111-D7D00F21B5CA}.Release|Any CPU.ActiveCfg = Release|Any CPU
		{39EB7224-7239-4A60-A111-D7D00F21B5CA}.Release|Any CPU.Build.0 = Release|Any CPU
	EndGlobalSection
	GlobalSection(SolutionProperties) = preSolution
		HideSolutionNode = FALSE
	EndGlobalSection
	GlobalSection(ExtensibilityGlobals) = postSolution
		SolutionGuid = {B1F4E434-F7B3-42FF-8E7F-72BC20A08966}
	EndGlobalSection
EndGlobal
